Microsoft Visual Studio Solution File, Format Version 12.00
# Visual Studio Version 17
VisualStudioVersion = 17.5.2.0
MinimumVisualStudioVersion = 10.0.40219.1
Project("{FAE04EC0-301F-11D3-BF4B-00C04F79EFBC}") = "Gossamer.GfxCompiler", "Gossamer.GfxCompiler.csproj", "{50EE5D5E-2834-2E5D-F1BC-ADE364B36109}"
EndProject
Global
	GlobalSection(SolutionConfigurationPlatforms) = preSolution
		Debug|x64 = Debug|x64
		Release|x64 = Release|x64
	EndGlobalSection
	GlobalSection(ProjectConfigurationPlatforms) = postSolution
		{50EE5D5E-2834-2E5D-F1BC-ADE364B36109}.Debug|x64.ActiveCfg = Debug|x64
		{50EE5D5E-2834-2E5D-F1BC-ADE364B36109}.Debug|x64.Build.0 = Debug|x64
		{50EE5D5E-2834-2E5D-F1BC-ADE364B36109}.Release|x64.ActiveCfg = Release|x64
		{50EE5D5E-2834-2E5D-F1BC-ADE364B36109}.Release|x64.Build.0 = Release|x64
	EndGlobalSection
	GlobalSection(SolutionProperties) = preSolution
		HideSolutionNode = FALSE
	EndGlobalSection
	GlobalSection(ExtensibilityGlobals) = postSolution
		SolutionGuid = {A577DDFC-79AC-4965-9987-5F614FA82BB0}
	EndGlobalSection
EndGlobal
